
Microsoft Visual Studio Solution File, Format Version 12.00
# Visual Studio Version 17
VisualStudioVersion = 17.8.34330.188
MinimumVisualStudioVersion = 10.0.40219.1
Project("{FAE04EC0-301F-11D3-BF4B-00C04F79EFBC}") = "teste", "teste\teste.csproj", "{D4AF3541-6E30-437B-A1CC-0E4843BC48ED}"
EndProject
Global
	GlobalSection(SolutionConfigurationPlatforms) = preSolution
		Debug|Any CPU = Debug|Any CPU
		Release|Any CPU = Release|Any CPU
	EndGlobalSection
	GlobalSection(ProjectConfigurationPlatforms) = postSolution
		{D4AF3541-6E30-437B-A1CC-0E4843BC48ED}.Debug|Any CPU.ActiveCfg = Debug|Any CPU
		{D4AF3541-6E30-437B-A1CC-0E4843BC48ED}.Debug|Any CPU.Build.0 = Debug|Any CPU
		{D4AF3541-6E30-437B-A1CC-0E4843BC48ED}.Release|Any CPU.ActiveCfg = Release|Any CPU
		{D4AF3541-6E30-437B-A1CC-0E4843BC48ED}.Release|Any CPU.Build.0 = Release|Any CPU
	EndGlobalSection
	GlobalSection(SolutionProperties) = preSolution
		HideSolutionNode = FALSE
	EndGlobalSection
	GlobalSection(ExtensibilityGlobals) = postSolution
		SolutionGuid = {980D196E-7289-4A7B-9176-2B0B8520119D}
	EndGlobalSection
EndGlobal
